
Microsoft Visual Studio Solution File, Format Version 12.00
# Visual Studio Version 16
VisualStudioVersion = 16.0.30204.135
MinimumVisualStudioVersion = 10.0.40219.1
Project("{9A19103F-16F7-4668-BE54-9A1E7A4F7556}") = "Work", "Work\Work.csproj", "{F06F9843-464A-4591-8BBD-87F31D528160}"
EndProject
Project("{9A19103F-16F7-4668-BE54-9A1E7A4F7556}") = "Work1", "Work1\Work1.csproj", "{2D393357-E64A-4428-AFF8-71842F7E0671}"
EndProject
Project("{9A19103F-16F7-4668-BE54-9A1E7A4F7556}") = "Work2", "Work2\Work2.csproj", "{DB472A53-E0AF-4787-BA3B-FAEB258CF744}"
EndProject
Project("{9A19103F-16F7-4668-BE54-9A1E7A4F7556}") = "Work3", "Work3\Work3.csproj", "{A3E9940D-3770-458B-8F2C-6C5765CEE3FD}"
EndProject
Project("{FAE04EC0-301F-11D3-BF4B-00C04F79EFBC}") = "Work4", "Works\Work4.csproj", "{ED169E57-DE34-4BB4-8517-A06572CA6D1E}"
EndProject
Project("{9A19103F-16F7-4668-BE54-9A1E7A4F7556}") = "Work5", "Work5\Work5.csproj", "{F3648875-0246-4E5C-81A2-5765CCDE6567}"
EndProject
Project("{9A19103F-16F7-4668-BE54-9A1E7A4F7556}") = "Work6", "Work6\Work6.csproj", "{FE13532B-6BBB-46A1-BB86-B664850A70EB}"
EndProject
Project("{9A19103F-16F7-4668-BE54-9A1E7A4F7556}") = "Work7", "Work7\Work7.csproj", "{DAFE7A11-EC8F-4E5D-8516-87CA1D5C5C1E}"
EndProject
Project("{9A19103F-16F7-4668-BE54-9A1E7A4F7556}") = "Work8", "Work8\Work8.csproj", "{925F7113-E58B-4F76-B84B-67E6241D48A2}"
EndProject
Project("{FAE04EC0-301F-11D3-BF4B-00C04F79EFBC}") = "Work9", "Work9\Work9.csproj", "{1F3CA201-4453-49D2-BBE8-2C8B44005365}"
EndProject
Global
	GlobalSection(SolutionConfigurationPlatforms) = preSolution
		Debug|Any CPU = Debug|Any CPU
		Release|Any CPU = Release|Any CPU
	EndGlobalSection
	GlobalSection(ProjectConfigurationPlatforms) = postSolution
		{F06F9843-464A-4591-8BBD-87F31D528160}.Debug|Any CPU.ActiveCfg = Debug|Any CPU
		{F06F9843-464A-4591-8BBD-87F31D528160}.Debug|Any CPU.Build.0 = Debug|Any CPU
		{F06F9843-464A-4591-8BBD-87F31D528160}.Release|Any CPU.ActiveCfg = Release|Any CPU
		{F06F9843-464A-4591-8BBD-87F31D528160}.Release|Any CPU.Build.0 = Release|Any CPU
		{2D393357-E64A-4428-AFF8-71842F7E0671}.Debug|Any CPU.ActiveCfg = Debug|Any CPU
		{2D393357-E64A-4428-AFF8-71842F7E0671}.Debug|Any CPU.Build.0 = Debug|Any CPU
		{2D393357-E64A-4428-AFF8-71842F7E0671}.Release|Any CPU.ActiveCfg = Release|Any CPU
		{2D393357-E64A-4428-AFF8-71842F7E0671}.Release|Any CPU.Build.0 = Release|Any CPU
		{DB472A53-E0AF-4787-BA3B-FAEB258CF744}.Debug|Any CPU.ActiveCfg = Debug|Any CPU
		{DB472A53-E0AF-4787-BA3B-FAEB258CF744}.Debug|Any CPU.Build.0 = Debug|Any CPU
		{DB472A53-E0AF-4787-BA3B-FAEB258CF744}.Release|Any CPU.ActiveCfg = Release|Any CPU
		{DB472A53-E0AF-4787-BA3B-FAEB258CF744}.Release|Any CPU.Build.0 = Release|Any CPU
		{A3E9940D-3770-458B-8F2C-6C5765CEE3FD}.Debug|Any CPU.ActiveCfg = Debug|Any CPU
		{A3E9940D-3770-458B-8F2C-6C5765CEE3FD}.Debug|Any CPU.Build.0 = Debug|Any CPU
		{A3E9940D-3770-458B-8F2C-6C5765CEE3FD}.Release|Any CPU.ActiveCfg = Release|Any CPU
		{A3E9940D-3770-458B-8F2C-6C5765CEE3FD}.Release|Any CPU.Build.0 = Release|Any CPU
		{ED169E57-DE34-4BB4-8517-A06572CA6D1E}.Debug|Any CPU.ActiveCfg = Debug|Any CPU
		{ED169E57-DE34-4BB4-8517-A06572CA6D1E}.Debug|Any CPU.Build.0 = Debug|Any CPU
		{ED169E57-DE34-4BB4-8517-A06572CA6D1E}.Release|Any CPU.ActiveCfg = Release|Any CPU
		{ED169E57-DE34-4BB4-8517-A06572CA6D1E}.Release|Any CPU.Build.0 = Release|Any CPU
		{F3648875-0246-4E5C-81A2-5765CCDE6567}.Debug|Any CPU.ActiveCfg = Debug|Any CPU
		{F3648875-0246-4E5C-81A2-5765CCDE6567}.Debug|Any CPU.Build.0 = Debug|Any CPU
		{F3648875-0246-4E5C-81A2-5765CCDE6567}.Release|Any CPU.ActiveCfg = Release|Any CPU
		{F3648875-0246-4E5C-81A2-5765CCDE6567}.Release|Any CPU.Build.0 = Release|Any CPU
		{FE13532B-6BBB-46A1-BB86-B664850A70EB}.Debug|Any CPU.ActiveCfg = Debug|Any CPU
		{FE13532B-6BBB-46A1-BB86-B664850A70EB}.Debug|Any CPU.Build.0 = Debug|Any CPU
		{FE13532B-6BBB-46A1-BB86-B664850A70EB}.Release|Any CPU.ActiveCfg = Release|Any CPU
		{FE13532B-6BBB-46A1-BB86-B664850A70EB}.Release|Any CPU.Build.0 = Release|Any CPU
		{DAFE7A11-EC8F-4E5D-8516-87CA1D5C5C1E}.Debug|Any CPU.ActiveCfg = Debug|Any CPU
		{DAFE7A11-EC8F-4E5D-8516-87CA1D5C5C1E}.Debug|Any CPU.Build.0 = Debug|Any CPU
		{DAFE7A11-EC8F-4E5D-8516-87CA1D5C5C1E}.Release|Any CPU.ActiveCfg = Release|Any CPU
		{DAFE7A11-EC8F-4E5D-8516-87CA1D5C5C1E}.Release|Any CPU.Build.0 = Release|Any CPU
		{925F7113-E58B-4F76-B84B-67E6241D48A2}.Debug|Any CPU.ActiveCfg = Debug|Any CPU
		{925F7113-E58B-4F76-B84B-67E6241D48A2}.Debug|Any CPU.Build.0 = Debug|Any CPU
		{925F7113-E58B-4F76-B84B-67E6241D48A2}.Release|Any CPU.ActiveCfg = Release|Any CPU
		{925F7113-E58B-4F76-B84B-67E6241D48A2}.Release|Any CPU.Build.0 = Release|Any CPU
		{1F3CA201-4453-49D2-BBE8-2C8B44005365}.Debug|Any CPU.ActiveCfg = Debug|Any CPU
		{1F3CA201-4453-49D2-BBE8-2C8B44005365}.Debug|Any CPU.Build.0 = Debug|Any CPU
		{1F3CA201-4453-49D2-BBE8-2C8B44005365}.Release|Any CPU.ActiveCfg = Release|Any CPU
		{1F3CA201-4453-49D2-BBE8-2C8B44005365}.Release|Any CPU.Build.0 = Release|Any CPU
	EndGlobalSection
	GlobalSection(SolutionProperties) = preSolution
		HideSolutionNode = FALSE
	EndGlobalSection
	GlobalSection(ExtensibilityGlobals) = postSolution
		SolutionGuid = {27291061-F6DB-4B08-8B74-E951B62DD93E}
	EndGlobalSection
EndGlobal
